// !$*UTF8*$!
{
	archiveVersion = 1;
	classes = {
	};
	objectVersion = 55;
	objects = {

/* Begin PBXBuildFile section */
		29B9338227FF601400A1907A /* RegisterViewController.swift in Sources */ = {isa = PBXBuildFile; fileRef = 29B9338127FF601400A1907A /* RegisterViewController.swift */; };
		29B9338427FF602D00A1907A /* RegisterViewModel.swift in Sources */ = {isa = PBXBuildFile; fileRef = 29B9338327FF602D00A1907A /* RegisterViewModel.swift */; };
		29D734A327FB73F400C4F2C3 /* AppDelegate.swift in Sources */ = {isa = PBXBuildFile; fileRef = 29D734A227FB73F400C4F2C3 /* AppDelegate.swift */; };
		29D734A527FB73F400C4F2C3 /* SceneDelegate.swift in Sources */ = {isa = PBXBuildFile; fileRef = 29D734A427FB73F400C4F2C3 /* SceneDelegate.swift */; };
		29D734A727FB73F400C4F2C3 /* LoginViewController.swift in Sources */ = {isa = PBXBuildFile; fileRef = 29D734A627FB73F400C4F2C3 /* LoginViewController.swift */; };
		29D734AD27FB73F400C4F2C3 /* Hero.xcdatamodeld in Sources */ = {isa = PBXBuildFile; fileRef = 29D734AB27FB73F400C4F2C3 /* Hero.xcdatamodeld */; };
		29D734AF27FB73F500C4F2C3 /* Assets.xcassets in Resources */ = {isa = PBXBuildFile; fileRef = 29D734AE27FB73F500C4F2C3 /* Assets.xcassets */; };
		29D734B227FB73F500C4F2C3 /* LaunchScreen.storyboard in Resources */ = {isa = PBXBuildFile; fileRef = 29D734B027FB73F500C4F2C3 /* LaunchScreen.storyboard */; };
		29D734C027FCDC2B00C4F2C3 /* LoginViewModel.swift in Sources */ = {isa = PBXBuildFile; fileRef = 29D734BF27FCDC2B00C4F2C3 /* LoginViewModel.swift */; };
		29D734C327FDC10900C4F2C3 /* KeyboardViewController.swift in Sources */ = {isa = PBXBuildFile; fileRef = 29D734C227FDC10900C4F2C3 /* KeyboardViewController.swift */; };
		29DDFAF02804B07100EDE2B7 /* HomeViewController.swift in Sources */ = {isa = PBXBuildFile; fileRef = 29DDFAEF2804B07100EDE2B7 /* HomeViewController.swift */; };
		29DDFAF22805B64300EDE2B7 /* HomeViewModel.swift in Sources */ = {isa = PBXBuildFile; fileRef = 29DDFAF12805B64300EDE2B7 /* HomeViewModel.swift */; };
		29DDFAF52805F65500EDE2B7 /* FavoriteTableViewCell.swift in Sources */ = {isa = PBXBuildFile; fileRef = 29DDFAF42805F65500EDE2B7 /* FavoriteTableViewCell.swift */; };
		29DDFB0F280F3A5C00EDE2B7 /* SearchViewController.swift in Sources */ = {isa = PBXBuildFile; fileRef = 29DDFB0E280F3A5C00EDE2B7 /* SearchViewController.swift */; };
		29DDFB11280F3A7700EDE2B7 /* SearchViewModel.swift in Sources */ = {isa = PBXBuildFile; fileRef = 29DDFB10280F3A7700EDE2B7 /* SearchViewModel.swift */; };
		29DDFB15280F53A500EDE2B7 /* ResultTableViewCell.swift in Sources */ = {isa = PBXBuildFile; fileRef = 29DDFB14280F53A500EDE2B7 /* ResultTableViewCell.swift */; };
		29DDFB182810377300EDE2B7 /* DetailViewController.swift in Sources */ = {isa = PBXBuildFile; fileRef = 29DDFB172810377300EDE2B7 /* DetailViewController.swift */; };
		29DDFB1A28103AA200EDE2B7 /* DetailViewModel.swift in Sources */ = {isa = PBXBuildFile; fileRef = 29DDFB1928103AA200EDE2B7 /* DetailViewModel.swift */; };
		29DDFB1E2812CF7800EDE2B7 /* DetailAPIResponse.swift in Sources */ = {isa = PBXBuildFile; fileRef = 29DDFB1D2812CF7800EDE2B7 /* DetailAPIResponse.swift */; };
		29DDFB202812D87300EDE2B7 /* DetailAPI.swift in Sources */ = {isa = PBXBuildFile; fileRef = 29DDFB1F2812D87300EDE2B7 /* DetailAPI.swift */; };
		29DDFB25281321BC00EDE2B7 /* NoFoundTableViewCell.swift in Sources */ = {isa = PBXBuildFile; fileRef = 29DDFB24281321BB00EDE2B7 /* NoFoundTableViewCell.swift */; };
/* End PBXBuildFile section */

/* Begin PBXFileReference section */
		29B9338127FF601400A1907A /* RegisterViewController.swift */ = {isa = PBXFileReference; lastKnownFileType = sourcecode.swift; path = RegisterViewController.swift; sourceTree = "<group>"; };
		29B9338327FF602D00A1907A /* RegisterViewModel.swift */ = {isa = PBXFileReference; lastKnownFileType = sourcecode.swift; path = RegisterViewModel.swift; sourceTree = "<group>"; };
		29D7349F27FB73F400C4F2C3 /* Hero.app */ = {isa = PBXFileReference; explicitFileType = wrapper.application; includeInIndex = 0; path = Hero.app; sourceTree = BUILT_PRODUCTS_DIR; };
		29D734A227FB73F400C4F2C3 /* AppDelegate.swift */ = {isa = PBXFileReference; lastKnownFileType = sourcecode.swift; path = AppDelegate.swift; sourceTree = "<group>"; };
		29D734A427FB73F400C4F2C3 /* SceneDelegate.swift */ = {isa = PBXFileReference; lastKnownFileType = sourcecode.swift; path = SceneDelegate.swift; sourceTree = "<group>"; };
		29D734A627FB73F400C4F2C3 /* LoginViewController.swift */ = {isa = PBXFileReference; lastKnownFileType = sourcecode.swift; path = LoginViewController.swift; sourceTree = "<group>"; };
		29D734AC27FB73F400C4F2C3 /* Hero.xcdatamodel */ = {isa = PBXFileReference; lastKnownFileType = wrapper.xcdatamodel; path = Hero.xcdatamodel; sourceTree = "<group>"; };
		29D734AE27FB73F500C4F2C3 /* Assets.xcassets */ = {isa = PBXFileReference; lastKnownFileType = folder.assetcatalog; path = Assets.xcassets; sourceTree = "<group>"; };
		29D734B127FB73F500C4F2C3 /* Base */ = {isa = PBXFileReference; lastKnownFileType = file.storyboard; name = Base; path = Base.lproj/LaunchScreen.storyboard; sourceTree = "<group>"; };
		29D734B327FB73F500C4F2C3 /* Info.plist */ = {isa = PBXFileReference; lastKnownFileType = text.plist.xml; path = Info.plist; sourceTree = "<group>"; };
		29D734BF27FCDC2B00C4F2C3 /* LoginViewModel.swift */ = {isa = PBXFileReference; lastKnownFileType = sourcecode.swift; path = LoginViewModel.swift; sourceTree = "<group>"; };
		29D734C227FDC10900C4F2C3 /* KeyboardViewController.swift */ = {isa = PBXFileReference; lastKnownFileType = sourcecode.swift; path = KeyboardViewController.swift; sourceTree = "<group>"; };
		29DDFAEF2804B07100EDE2B7 /* HomeViewController.swift */ = {isa = PBXFileReference; lastKnownFileType = sourcecode.swift; path = HomeViewController.swift; sourceTree = "<group>"; };
		29DDFAF12805B64300EDE2B7 /* HomeViewModel.swift */ = {isa = PBXFileReference; lastKnownFileType = sourcecode.swift; path = HomeViewModel.swift; sourceTree = "<group>"; };
		29DDFAF42805F65500EDE2B7 /* FavoriteTableViewCell.swift */ = {isa = PBXFileReference; lastKnownFileType = sourcecode.swift; path = FavoriteTableViewCell.swift; sourceTree = "<group>"; };
		29DDFB0E280F3A5C00EDE2B7 /* SearchViewController.swift */ = {isa = PBXFileReference; lastKnownFileType = sourcecode.swift; path = SearchViewController.swift; sourceTree = "<group>"; };
		29DDFB10280F3A7700EDE2B7 /* SearchViewModel.swift */ = {isa = PBXFileReference; lastKnownFileType = sourcecode.swift; path = SearchViewModel.swift; sourceTree = "<group>"; };
		29DDFB14280F53A500EDE2B7 /* ResultTableViewCell.swift */ = {isa = PBXFileReference; lastKnownFileType = sourcecode.swift; path = ResultTableViewCell.swift; sourceTree = "<group>"; };
		29DDFB172810377300EDE2B7 /* DetailViewController.swift */ = {isa = PBXFileReference; lastKnownFileType = sourcecode.swift; path = DetailViewController.swift; sourceTree = "<group>"; };
		29DDFB1928103AA200EDE2B7 /* DetailViewModel.swift */ = {isa = PBXFileReference; lastKnownFileType = sourcecode.swift; path = DetailViewModel.swift; sourceTree = "<group>"; };
		29DDFB1D2812CF7800EDE2B7 /* DetailAPIResponse.swift */ = {isa = PBXFileReference; lastKnownFileType = sourcecode.swift; path = DetailAPIResponse.swift; sourceTree = "<group>"; };
		29DDFB1F2812D87300EDE2B7 /* DetailAPI.swift */ = {isa = PBXFileReference; lastKnownFileType = sourcecode.swift; path = DetailAPI.swift; sourceTree = "<group>"; };
		29DDFB24281321BB00EDE2B7 /* NoFoundTableViewCell.swift */ = {isa = PBXFileReference; lastKnownFileType = sourcecode.swift; path = NoFoundTableViewCell.swift; sourceTree = "<group>"; };
/* End PBXFileReference section */

/* Begin PBXFrameworksBuildPhase section */
		29D7349C27FB73F400C4F2C3 /* Frameworks */ = {
			isa = PBXFrameworksBuildPhase;
			buildActionMask = 2147483647;
			files = (
			);
			runOnlyForDeploymentPostprocessing = 0;
		};
/* End PBXFrameworksBuildPhase section */

/* Begin PBXGroup section */
		29B9338027FF5FF700A1907A /* Register */ = {
			isa = PBXGroup;
			children = (
				29B9338127FF601400A1907A /* RegisterViewController.swift */,
				29B9338327FF602D00A1907A /* RegisterViewModel.swift */,
			);
			path = Register;
			sourceTree = "<group>";
		};
		29D7349627FB73F400C4F2C3 = {
			isa = PBXGroup;
			children = (
				29D734A127FB73F400C4F2C3 /* Hero */,
				29D734A027FB73F400C4F2C3 /* Products */,
			);
			sourceTree = "<group>";
		};
		29D734A027FB73F400C4F2C3 /* Products */ = {
			isa = PBXGroup;
			children = (
				29D7349F27FB73F400C4F2C3 /* Hero.app */,
			);
			name = Products;
			sourceTree = "<group>";
		};
		29D734A127FB73F400C4F2C3 /* Hero */ = {
			isa = PBXGroup;
			children = (
				29D734C127FDC09D00C4F2C3 /* Extensions */,
				29D734BA27FCDBA300C4F2C3 /* Sections */,
				29DDFB1C2812CEF800EDE2B7 /* Repository */,
				29DDFB1B2812CEE100EDE2B7 /* Model */,
				29DDFAF32805F58E00EDE2B7 /* View */,
				29D734A427FB73F400C4F2C3 /* SceneDelegate.swift */,
				29D734A227FB73F400C4F2C3 /* AppDelegate.swift */,
				29D734AE27FB73F500C4F2C3 /* Assets.xcassets */,
				29D734B027FB73F500C4F2C3 /* LaunchScreen.storyboard */,
				29D734B327FB73F500C4F2C3 /* Info.plist */,
				29D734AB27FB73F400C4F2C3 /* Hero.xcdatamodeld */,
			);
			path = Hero;
			sourceTree = "<group>";
		};
		29D734BA27FCDBA300C4F2C3 /* Sections */ = {
			isa = PBXGroup;
			children = (
				29D734BD27FCDBF400C4F2C3 /* Login */,
				29B9338027FF5FF700A1907A /* Register */,
				29DDFAEE2804B02900EDE2B7 /* Home */,
				29DDFB0D280F39F900EDE2B7 /* Search */,
				29DDFB162810373A00EDE2B7 /* Detail */,
			);
			path = Sections;
			sourceTree = "<group>";
		};
		29D734BD27FCDBF400C4F2C3 /* Login */ = {
			isa = PBXGroup;
			children = (
				29D734A627FB73F400C4F2C3 /* LoginViewController.swift */,
				29D734BF27FCDC2B00C4F2C3 /* LoginViewModel.swift */,
			);
			path = Login;
			sourceTree = "<group>";
		};
		29D734C127FDC09D00C4F2C3 /* Extensions */ = {
			isa = PBXGroup;
			children = (
				29D734C227FDC10900C4F2C3 /* KeyboardViewController.swift */,
			);
			path = Extensions;
			sourceTree = "<group>";
		};
		29DDFAEE2804B02900EDE2B7 /* Home */ = {
			isa = PBXGroup;
			children = (
				29DDFAEF2804B07100EDE2B7 /* HomeViewController.swift */,
				29DDFAF12805B64300EDE2B7 /* HomeViewModel.swift */,
			);
			path = Home;
			sourceTree = "<group>";
		};
		29DDFAF32805F58E00EDE2B7 /* View */ = {
			isa = PBXGroup;
			children = (
				29DDFB212813211300EDE2B7 /* No Found */,
				29DDFB13280F537400EDE2B7 /* Favorite */,
				29DDFB12280F536A00EDE2B7 /* Result */,
			);
			path = View;
			sourceTree = "<group>";
		};
		29DDFB0D280F39F900EDE2B7 /* Search */ = {
			isa = PBXGroup;
			children = (
				29DDFB0E280F3A5C00EDE2B7 /* SearchViewController.swift */,
				29DDFB10280F3A7700EDE2B7 /* SearchViewModel.swift */,
			);
			path = Search;
			sourceTree = "<group>";
		};
		29DDFB12280F536A00EDE2B7 /* Result */ = {
			isa = PBXGroup;
			children = (
				29DDFB14280F53A500EDE2B7 /* ResultTableViewCell.swift */,
			);
			path = Result;
			sourceTree = "<group>";
		};
		29DDFB13280F537400EDE2B7 /* Favorite */ = {
			isa = PBXGroup;
			children = (
				29DDFAF42805F65500EDE2B7 /* FavoriteTableViewCell.swift */,
			);
			path = Favorite;
			sourceTree = "<group>";
		};
		29DDFB162810373A00EDE2B7 /* Detail */ = {
			isa = PBXGroup;
			children = (
				29DDFB172810377300EDE2B7 /* DetailViewController.swift */,
				29DDFB1928103AA200EDE2B7 /* DetailViewModel.swift */,
			);
			path = Detail;
			sourceTree = "<group>";
		};
		29DDFB1B2812CEE100EDE2B7 /* Model */ = {
			isa = PBXGroup;
			children = (
				29DDFB1D2812CF7800EDE2B7 /* DetailAPIResponse.swift */,
			);
			path = Model;
			sourceTree = "<group>";
		};
		29DDFB1C2812CEF800EDE2B7 /* Repository */ = {
			isa = PBXGroup;
			children = (
				29DDFB1F2812D87300EDE2B7 /* DetailAPI.swift */,
			);
			path = Repository;
			sourceTree = "<group>";
		};
		29DDFB212813211300EDE2B7 /* No Found */ = {
			isa = PBXGroup;
			children = (
				29DDFB24281321BB00EDE2B7 /* NoFoundTableViewCell.swift */,
			);
			path = "No Found";
			sourceTree = "<group>";
		};
/* End PBXGroup section */

/* Begin PBXNativeTarget section */
		29D7349E27FB73F400C4F2C3 /* Hero */ = {
			isa = PBXNativeTarget;
			buildConfigurationList = 29D734B627FB73F500C4F2C3 /* Build configuration list for PBXNativeTarget "Hero" */;
			buildPhases = (
				29D7349B27FB73F400C4F2C3 /* Sources */,
				29D7349C27FB73F400C4F2C3 /* Frameworks */,
				29D7349D27FB73F400C4F2C3 /* Resources */,
			);
			buildRules = (
			);
			dependencies = (
			);
			name = Hero;
			productName = Hero;
			productReference = 29D7349F27FB73F400C4F2C3 /* Hero.app */;
			productType = "com.apple.product-type.application";
		};
/* End PBXNativeTarget section */

/* Begin PBXProject section */
		29D7349727FB73F400C4F2C3 /* Project object */ = {
			isa = PBXProject;
			attributes = {
				BuildIndependentTargetsInParallel = 1;
				LastSwiftUpdateCheck = 1320;
				LastUpgradeCheck = 1320;
				TargetAttributes = {
					29D7349E27FB73F400C4F2C3 = {
						CreatedOnToolsVersion = 13.2.1;
					};
				};
			};
			buildConfigurationList = 29D7349A27FB73F400C4F2C3 /* Build configuration list for PBXProject "Hero" */;
			compatibilityVersion = "Xcode 13.0";
			developmentRegion = en;
			hasScannedForEncodings = 0;
			knownRegions = (
				en,
				Base,
			);
			mainGroup = 29D7349627FB73F400C4F2C3;
			productRefGroup = 29D734A027FB73F400C4F2C3 /* Products */;
			projectDirPath = "";
			projectRoot = "";
			targets = (
				29D7349E27FB73F400C4F2C3 /* Hero */,
			);
		};
/* End PBXProject section */

/* Begin PBXResourcesBuildPhase section */
		29D7349D27FB73F400C4F2C3 /* Resources */ = {
			isa = PBXResourcesBuildPhase;
			buildActionMask = 2147483647;
			files = (
				29D734B227FB73F500C4F2C3 /* LaunchScreen.storyboard in Resources */,
				29D734AF27FB73F500C4F2C3 /* Assets.xcassets in Resources */,
			);
			runOnlyForDeploymentPostprocessing = 0;
		};
/* End PBXResourcesBuildPhase section */

/* Begin PBXSourcesBuildPhase section */
		29D7349B27FB73F400C4F2C3 /* Sources */ = {
			isa = PBXSourcesBuildPhase;
			buildActionMask = 2147483647;
			files = (
				29DDFB25281321BC00EDE2B7 /* NoFoundTableViewCell.swift in Sources */,
				29D734A727FB73F400C4F2C3 /* LoginViewController.swift in Sources */,
				29D734C327FDC10900C4F2C3 /* KeyboardViewController.swift in Sources */,
				29DDFB15280F53A500EDE2B7 /* ResultTableViewCell.swift in Sources */,
				29B9338227FF601400A1907A /* RegisterViewController.swift in Sources */,
				29DDFAF22805B64300EDE2B7 /* HomeViewModel.swift in Sources */,
				29B9338427FF602D00A1907A /* RegisterViewModel.swift in Sources */,
				29DDFB11280F3A7700EDE2B7 /* SearchViewModel.swift in Sources */,
				29D734A327FB73F400C4F2C3 /* AppDelegate.swift in Sources */,
				29DDFB1E2812CF7800EDE2B7 /* DetailAPIResponse.swift in Sources */,
				29DDFB202812D87300EDE2B7 /* DetailAPI.swift in Sources */,
				29DDFB0F280F3A5C00EDE2B7 /* SearchViewController.swift in Sources */,
				29DDFAF02804B07100EDE2B7 /* HomeViewController.swift in Sources */,
				29D734A527FB73F400C4F2C3 /* SceneDelegate.swift in Sources */,
				29D734C027FCDC2B00C4F2C3 /* LoginViewModel.swift in Sources */,
				29DDFB182810377300EDE2B7 /* DetailViewController.swift in Sources */,
				29D734AD27FB73F400C4F2C3 /* Hero.xcdatamodeld in Sources */,
				29DDFAF52805F65500EDE2B7 /* FavoriteTableViewCell.swift in Sources */,
				29DDFB1A28103AA200EDE2B7 /* DetailViewModel.swift in Sources */,
			);
			runOnlyForDeploymentPostprocessing = 0;
		};
/* End PBXSourcesBuildPhase section */

/* Begin PBXVariantGroup section */
		29D734B027FB73F500C4F2C3 /* LaunchScreen.storyboard */ = {
			isa = PBXVariantGroup;
			children = (
				29D734B127FB73F500C4F2C3 /* Base */,
			);
			name = LaunchScreen.storyboard;
			sourceTree = "<group>";
		};
/* End PBXVariantGroup section */

/* Begin XCBuildConfiguration section */
		29D734B427FB73F500C4F2C3 /* Debug */ = {
			isa = XCBuildConfiguration;
			buildSettings = {
				ALWAYS_SEARCH_USER_PATHS = NO;
				CLANG_ANALYZER_NONNULL = YES;
				CLANG_ANALYZER_NUMBER_OBJECT_CONVERSION = YES_AGGRESSIVE;
				CLANG_CXX_LANGUAGE_STANDARD = "gnu++17";
				CLANG_CXX_LIBRARY = "libc++";
				CLANG_ENABLE_MODULES = YES;
				CLANG_ENABLE_OBJC_ARC = YES;
				CLANG_ENABLE_OBJC_WEAK = YES;
				CLANG_WARN_BLOCK_CAPTURE_AUTORELEASING = YES;
				CLANG_WARN_BOOL_CONVERSION = YES;
				CLANG_WARN_COMMA = YES;
				CLANG_WARN_CONSTANT_CONVERSION = YES;
				CLANG_WARN_DEPRECATED_OBJC_IMPLEMENTATIONS = YES;
				CLANG_WARN_DIRECT_OBJC_ISA_USAGE = YES_ERROR;
				CLANG_WARN_DOCUMENTATION_COMMENTS = YES;
				CLANG_WARN_EMPTY_BODY = YES;
				CLANG_WARN_ENUM_CONVERSION = YES;
				CLANG_WARN_INFINITE_RECURSION = YES;
				CLANG_WARN_INT_CONVERSION = YES;
				CLANG_WARN_NON_LITERAL_NULL_CONVERSION = YES;
				CLANG_WARN_OBJC_IMPLICIT_RETAIN_SELF = YES;
				CLANG_WARN_OBJC_LITERAL_CONVERSION = YES;
				CLANG_WARN_OBJC_ROOT_CLASS = YES_ERROR;
				CLANG_WARN_QUOTED_INCLUDE_IN_FRAMEWORK_HEADER = YES;
				CLANG_WARN_RANGE_LOOP_ANALYSIS = YES;
				CLANG_WARN_STRICT_PROTOTYPES = YES;
				CLANG_WARN_SUSPICIOUS_MOVE = YES;
				CLANG_WARN_UNGUARDED_AVAILABILITY = YES_AGGRESSIVE;
				CLANG_WARN_UNREACHABLE_CODE = YES;
				CLANG_WARN__DUPLICATE_METHOD_MATCH = YES;
				COPY_PHASE_STRIP = NO;
				DEBUG_INFORMATION_FORMAT = dwarf;
				ENABLE_STRICT_OBJC_MSGSEND = YES;
				ENABLE_TESTABILITY = YES;
				GCC_C_LANGUAGE_STANDARD = gnu11;
				GCC_DYNAMIC_NO_PIC = NO;
				GCC_NO_COMMON_BLOCKS = YES;
				GCC_OPTIMIZATION_LEVEL = 0;
				GCC_PREPROCESSOR_DEFINITIONS = (
					"DEBUG=1",
					"$(inherited)",
				);
				GCC_WARN_64_TO_32_BIT_CONVERSION = YES;
				GCC_WARN_ABOUT_RETURN_TYPE = YES_ERROR;
				GCC_WARN_UNDECLARED_SELECTOR = YES;
				GCC_WARN_UNINITIALIZED_AUTOS = YES_AGGRESSIVE;
				GCC_WARN_UNUSED_FUNCTION = YES;
				GCC_WARN_UNUSED_VARIABLE = YES;
				IPHONEOS_DEPLOYMENT_TARGET = 15.2;
				MTL_ENABLE_DEBUG_INFO = INCLUDE_SOURCE;
				MTL_FAST_MATH = YES;
				ONLY_ACTIVE_ARCH = YES;
				SDKROOT = iphoneos;
				SWIFT_ACTIVE_COMPILATION_CONDITIONS = DEBUG;
				SWIFT_OPTIMIZATION_LEVEL = "-Onone";
			};
			name = Debug;
		};
		29D734B527FB73F500C4F2C3 /* Release */ = {
			isa = XCBuildConfiguration;
			buildSettings = {
				ALWAYS_SEARCH_USER_PATHS = NO;
				CLANG_ANALYZER_NONNULL = YES;
				CLANG_ANALYZER_NUMBER_OBJECT_CONVERSION = YES_AGGRESSIVE;
				CLANG_CXX_LANGUAGE_STANDARD = "gnu++17";
				CLANG_CXX_LIBRARY = "libc++";
				CLANG_ENABLE_MODULES = YES;
				CLANG_ENABLE_OBJC_ARC = YES;
				CLANG_ENABLE_OBJC_WEAK = YES;
				CLANG_WARN_BLOCK_CAPTURE_AUTORELEASING = YES;
				CLANG_WARN_BOOL_CONVERSION = YES;
				CLANG_WARN_COMMA = YES;
				CLANG_WARN_CONSTANT_CONVERSION = YES;
				CLANG_WARN_DEPRECATED_OBJC_IMPLEMENTATIONS = YES;
				CLANG_WARN_DIRECT_OBJC_ISA_USAGE = YES_ERROR;
				CLANG_WARN_DOCUMENTATION_COMMENTS = YES;
				CLANG_WARN_EMPTY_BODY = YES;
				CLANG_WARN_ENUM_CONVERSION = YES;
				CLANG_WARN_INFINITE_RECURSION = YES;
				CLANG_WARN_INT_CONVERSION = YES;
				CLANG_WARN_NON_LITERAL_NULL_CONVERSION = YES;
				CLANG_WARN_OBJC_IMPLICIT_RETAIN_SELF = YES;
				CLANG_WARN_OBJC_LITERAL_CONVERSION = YES;
				CLANG_WARN_OBJC_ROOT_CLASS = YES_ERROR;
				CLANG_WARN_QUOTED_INCLUDE_IN_FRAMEWORK_HEADER = YES;
				CLANG_WARN_RANGE_LOOP_ANALYSIS = YES;
				CLANG_WARN_STRICT_PROTOTYPES = YES;
				CLANG_WARN_SUSPICIOUS_MOVE = YES;
				CLANG_WARN_UNGUARDED_AVAILABILITY = YES_AGGRESSIVE;
				CLANG_WARN_UNREACHABLE_CODE = YES;
				CLANG_WARN__DUPLICATE_METHOD_MATCH = YES;
				COPY_PHASE_STRIP = NO;
				DEBUG_INFORMATION_FORMAT = "dwarf-with-dsym";
				ENABLE_NS_ASSERTIONS = NO;
				ENABLE_STRICT_OBJC_MSGSEND = YES;
				GCC_C_LANGUAGE_STANDARD = gnu11;
				GCC_NO_COMMON_BLOCKS = YES;
				GCC_WARN_64_TO_32_BIT_CONVERSION = YES;
				GCC_WARN_ABOUT_RETURN_TYPE = YES_ERROR;
				GCC_WARN_UNDECLARED_SELECTOR = YES;
				GCC_WARN_UNINITIALIZED_AUTOS = YES_AGGRESSIVE;
				GCC_WARN_UNUSED_FUNCTION = YES;
				GCC_WARN_UNUSED_VARIABLE = YES;
				IPHONEOS_DEPLOYMENT_TARGET = 15.2;
				MTL_ENABLE_DEBUG_INFO = NO;
				MTL_FAST_MATH = YES;
				SDKROOT = iphoneos;
				SWIFT_COMPILATION_MODE = wholemodule;
				SWIFT_OPTIMIZATION_LEVEL = "-O";
				VALIDATE_PRODUCT = YES;
			};
			name = Release;
		};
		29D734B727FB73F500C4F2C3 /* Debug */ = {
			isa = XCBuildConfiguration;
			buildSettings = {
				ASSETCATALOG_COMPILER_APPICON_NAME = AppIcon;
				ASSETCATALOG_COMPILER_GLOBAL_ACCENT_COLOR_NAME = AccentColor;
				CODE_SIGN_STYLE = Automatic;
				CURRENT_PROJECT_VERSION = 1;
				GENERATE_INFOPLIST_FILE = YES;
				INFOPLIST_FILE = Hero/Info.plist;
				INFOPLIST_KEY_NSFaceIDUsageDescription = "Authorize the use of Face ID";
				INFOPLIST_KEY_NSPhotoLibraryUsageDescription = "Please allow access";
				INFOPLIST_KEY_UIApplicationSupportsIndirectInputEvents = YES;
				INFOPLIST_KEY_UILaunchStoryboardName = LaunchScreen;
				INFOPLIST_KEY_UIMainStoryboardFile = "";
				INFOPLIST_KEY_UISupportedInterfaceOrientations_iPad = "UIInterfaceOrientationPortrait UIInterfaceOrientationPortraitUpsideDown UIInterfaceOrientationLandscapeLeft UIInterfaceOrientationLandscapeRight";
				INFOPLIST_KEY_UISupportedInterfaceOrientations_iPhone = "UIInterfaceOrientationPortrait UIInterfaceOrientationLandscapeLeft UIInterfaceOrientationLandscapeRight";
				LD_RUNPATH_SEARCH_PATHS = (
					"$(inherited)",
					"@executable_path/Frameworks",
				);
				MARKETING_VERSION = 1.0;
				PRODUCT_BUNDLE_IDENTIFIER = com.eliel.Hero;
				PRODUCT_NAME = "$(TARGET_NAME)";
				SWIFT_EMIT_LOC_STRINGS = YES;
				SWIFT_VERSION = 5.0;
				TARGETED_DEVICE_FAMILY = "1,2";
			};
			name = Debug;
		};
		29D734B827FB73F500C4F2C3 /* Release */ = {
			isa = XCBuildConfiguration;
			buildSettings = {
				ASSETCATALOG_COMPILER_APPICON_NAME = AppIcon;
				ASSETCATALOG_COMPILER_GLOBAL_ACCENT_COLOR_NAME = AccentColor;
				CODE_SIGN_STYLE = Automatic;
				CURRENT_PROJECT_VERSION = 1;
				GENERATE_INFOPLIST_FILE = YES;
				INFOPLIST_FILE = Hero/Info.plist;
				INFOPLIST_KEY_NSFaceIDUsageDescription = "Authorize the use of Face ID";
				INFOPLIST_KEY_NSPhotoLibraryUsageDescription = "Please allow access";
				INFOPLIST_KEY_UIApplicationSupportsIndirectInputEvents = YES;
				INFOPLIST_KEY_UILaunchStoryboardName = LaunchScreen;
				INFOPLIST_KEY_UIMainStoryboardFile = "";
				INFOPLIST_KEY_UISupportedInterfaceOrientations_iPad = "UIInterfaceOrientationPortrait UIInterfaceOrientationPortraitUpsideDown UIInterfaceOrientationLandscapeLeft UIInterfaceOrientationLandscapeRight";
				INFOPLIST_KEY_UISupportedInterfaceOrientations_iPhone = "UIInterfaceOrientationPortrait UIInterfaceOrientationLandscapeLeft UIInterfaceOrientationLandscapeRight";
				LD_RUNPATH_SEARCH_PATHS = (
					"$(inherited)",
					"@executable_path/Frameworks",
				);
				MARKETING_VERSION = 1.0;
				PRODUCT_BUNDLE_IDENTIFIER = com.eliel.Hero;
				PRODUCT_NAME = "$(TARGET_NAME)";
				SWIFT_EMIT_LOC_STRINGS = YES;
				SWIFT_VERSION = 5.0;
				TARGETED_DEVICE_FAMILY = "1,2";
			};
			name = Release;
		};
/* End XCBuildConfiguration section */

/* Begin XCConfigurationList section */
		29D7349A27FB73F400C4F2C3 /* Build configuration list for PBXProject "Hero" */ = {
			isa = XCConfigurationList;
			buildConfigurations = (
				29D734B427FB73F500C4F2C3 /* Debug */,
				29D734B527FB73F500C4F2C3 /* Release */,
			);
			defaultConfigurationIsVisible = 0;
			defaultConfigurationName = Release;
		};
		29D734B627FB73F500C4F2C3 /* Build configuration list for PBXNativeTarget "Hero" */ = {
			isa = XCConfigurationList;
			buildConfigurations = (
				29D734B727FB73F500C4F2C3 /* Debug */,
				29D734B827FB73F500C4F2C3 /* Release */,
			);
			defaultConfigurationIsVisible = 0;
			defaultConfigurationName = Release;
		};
/* End XCConfigurationList section */

/* Begin XCVersionGroup section */
		29D734AB27FB73F400C4F2C3 /* Hero.xcdatamodeld */ = {
			isa = XCVersionGroup;
			children = (
				29D734AC27FB73F400C4F2C3 /* Hero.xcdatamodel */,
			);
			currentVersion = 29D734AC27FB73F400C4F2C3 /* Hero.xcdatamodel */;
			path = Hero.xcdatamodeld;
			sourceTree = "<group>";
			versionGroupType = wrapper.xcdatamodel;
		};
/* End XCVersionGroup section */
	};
	rootObject = 29D7349727FB73F400C4F2C3 /* Project object */;
}
